// !$*UTF8*$!
{
	archiveVersion = 1;
	classes = {
	};
	objectVersion = 55;
	objects = {

/* Begin PBXBuildFile section */
		C2DF10CC27D92ADC00E018A6 /* AppDelegate.swift in Sources */ = {isa = PBXBuildFile; fileRef = C2DF10CB27D92ADC00E018A6 /* AppDelegate.swift */; };
		C2DF10CE27D92ADC00E018A6 /* SceneDelegate.swift in Sources */ = {isa = PBXBuildFile; fileRef = C2DF10CD27D92ADC00E018A6 /* SceneDelegate.swift */; };
		C2DF10D027D92ADC00E018A6 /* LoginViewController.swift in Sources */ = {isa = PBXBuildFile; fileRef = C2DF10CF27D92ADC00E018A6 /* LoginViewController.swift */; };
		C2DF10D327D92ADC00E018A6 /* Main.storyboard in Resources */ = {isa = PBXBuildFile; fileRef = C2DF10D127D92ADC00E018A6 /* Main.storyboard */; };
		C2DF10D527D92ADE00E018A6 /* Assets.xcassets in Resources */ = {isa = PBXBuildFile; fileRef = C2DF10D427D92ADE00E018A6 /* Assets.xcassets */; };
		C2DF10D827D92ADE00E018A6 /* LaunchScreen.storyboard in Resources */ = {isa = PBXBuildFile; fileRef = C2DF10D627D92ADE00E018A6 /* LaunchScreen.storyboard */; };
		C2DF10E027D92DB900E018A6 /* WelcomeViewController.swift in Sources */ = {isa = PBXBuildFile; fileRef = C2DF10DF27D92DB900E018A6 /* WelcomeViewController.swift */; };
/* End PBXBuildFile section */

/* Begin PBXFileReference section */
		C2DF10C827D92ADC00E018A6 /* LoginApp.app */ = {isa = PBXFileReference; explicitFileType = wrapper.application; includeInIndex = 0; path = LoginApp.app; sourceTree = BUILT_PRODUCTS_DIR; };
		C2DF10CB27D92ADC00E018A6 /* AppDelegate.swift */ = {isa = PBXFileReference; lastKnownFileType = sourcecode.swift; path = AppDelegate.swift; sourceTree = "<group>"; };
		C2DF10CD27D92ADC00E018A6 /* SceneDelegate.swift */ = {isa = PBXFileReference; lastKnownFileType = sourcecode.swift; path = SceneDelegate.swift; sourceTree = "<group>"; };
		C2DF10CF27D92ADC00E018A6 /* LoginViewController.swift */ = {isa = PBXFileReference; lastKnownFileType = sourcecode.swift; path = LoginViewController.swift; sourceTree = "<group>"; };
		C2DF10D227D92ADC00E018A6 /* Base */ = {isa = PBXFileReference; lastKnownFileType = file.storyboard; name = Base; path = Base.lproj/Main.storyboard; sourceTree = "<group>"; };
		C2DF10D427D92ADE00E018A6 /* Assets.xcassets */ = {isa = PBXFileReference; lastKnownFileType = folder.assetcatalog; path = Assets.xcassets; sourceTree = "<group>"; };
		C2DF10D727D92ADE00E018A6 /* Base */ = {isa = PBXFileReference; lastKnownFileType = file.storyboard; name = Base; path = Base.lproj/LaunchScreen.storyboard; sourceTree = "<group>"; };
		C2DF10D927D92ADE00E018A6 /* Info.plist */ = {isa = PBXFileReference; lastKnownFileType = text.plist.xml; path = Info.plist; sourceTree = "<group>"; };
		C2DF10DF27D92DB900E018A6 /* WelcomeViewController.swift */ = {isa = PBXFileReference; lastKnownFileType = sourcecode.swift; path = WelcomeViewController.swift; sourceTree = "<group>"; };
/* End PBXFileReference section */

/* Begin PBXFrameworksBuildPhase section */
		C2DF10C527D92ADC00E018A6 /* Frameworks */ = {
			isa = PBXFrameworksBuildPhase;
			buildActionMask = 2147483647;
			files = (
			);
			runOnlyForDeploymentPostprocessing = 0;
		};
/* End PBXFrameworksBuildPhase section */

/* Begin PBXGroup section */
		C2DF10BF27D92ADC00E018A6 = {
			isa = PBXGroup;
			children = (
				C2DF10CA27D92ADC00E018A6 /* LoginApp */,
				C2DF10C927D92ADC00E018A6 /* Products */,
			);
			sourceTree = "<group>";
		};
		C2DF10C927D92ADC00E018A6 /* Products */ = {
			isa = PBXGroup;
			children = (
				C2DF10C827D92ADC00E018A6 /* LoginApp.app */,
			);
			name = Products;
			sourceTree = "<group>";
		};
		C2DF10CA27D92ADC00E018A6 /* LoginApp */ = {
			isa = PBXGroup;
			children = (
				C2DF10CB27D92ADC00E018A6 /* AppDelegate.swift */,
				C2DF10CD27D92ADC00E018A6 /* SceneDelegate.swift */,
				C2DF10D127D92ADC00E018A6 /* Main.storyboard */,
				C2DF10E127D930C400E018A6 /* Controllers */,
				C2DF10D427D92ADE00E018A6 /* Assets.xcassets */,
				C2DF10D627D92ADE00E018A6 /* LaunchScreen.storyboard */,
				C2DF10D927D92ADE00E018A6 /* Info.plist */,
			);
			path = LoginApp;
			sourceTree = "<group>";
		};
		C2DF10E127D930C400E018A6 /* Controllers */ = {
			isa = PBXGroup;
			children = (
				C2DF10CF27D92ADC00E018A6 /* LoginViewController.swift */,
				C2DF10DF27D92DB900E018A6 /* WelcomeViewController.swift */,
			);
			path = Controllers;
			sourceTree = "<group>";
		};
/* End PBXGroup section */

/* Begin PBXNativeTarget section */
		C2DF10C727D92ADC00E018A6 /* LoginApp */ = {
			isa = PBXNativeTarget;
			buildConfigurationList = C2DF10DC27D92ADE00E018A6 /* Build configuration list for PBXNativeTarget "LoginApp" */;
			buildPhases = (
				C2DF10C427D92ADC00E018A6 /* Sources */,
				C2DF10C527D92ADC00E018A6 /* Frameworks */,
				C2DF10C627D92ADC00E018A6 /* Resources */,
			);
			buildRules = (
			);
			dependencies = (
			);
			name = LoginApp;
			productName = LoginApp;
			productReference = C2DF10C827D92ADC00E018A6 /* LoginApp.app */;
			productType = "com.apple.product-type.application";
		};
/* End PBXNativeTarget section */

/* Begin PBXProject section */
		C2DF10C027D92ADC00E018A6 /* Project object */ = {
			isa = PBXProject;
			attributes = {
				BuildIndependentTargetsInParallel = 1;
				LastSwiftUpdateCheck = 1320;
				LastUpgradeCheck = 1320;
				TargetAttributes = {
					C2DF10C727D92ADC00E018A6 = {
						CreatedOnToolsVersion = 13.2.1;
					};
				};
			};
			buildConfigurationList = C2DF10C327D92ADC00E018A6 /* Build configuration list for PBXProject "LoginApp" */;
			compatibilityVersion = "Xcode 13.0";
			developmentRegion = en;
			hasScannedForEncodings = 0;
			knownRegions = (
				en,
				Base,
			);
			mainGroup = C2DF10BF27D92ADC00E018A6;
			productRefGroup = C2DF10C927D92ADC00E018A6 /* Products */;
			projectDirPath = "";
			projectRoot = "";
			targets = (
				C2DF10C727D92ADC00E018A6 /* LoginApp */,
			);
		};
/* End PBXProject section */

/* Begin PBXResourcesBuildPhase section */
		C2DF10C627D92ADC00E018A6 /* Resources */ = {
			isa = PBXResourcesBuildPhase;
			buildActionMask = 2147483647;
			files = (
				C2DF10D827D92ADE00E018A6 /* LaunchScreen.storyboard in Resources */,
				C2DF10D527D92ADE00E018A6 /* Assets.xcassets in Resources */,
				C2DF10D327D92ADC00E018A6 /* Main.storyboard in Resources */,
			);
			runOnlyForDeploymentPostprocessing = 0;
		};
/* End PBXResourcesBuildPhase section */

/* Begin PBXSourcesBuildPhase section */
		C2DF10C427D92ADC00E018A6 /* Sources */ = {
			isa = PBXSourcesBuildPhase;
			buildActionMask = 2147483647;
			files = (
				C2DF10D027D92ADC00E018A6 /* LoginViewController.swift in Sources */,
				C2DF10E027D92DB900E018A6 /* WelcomeViewController.swift in Sources */,
				C2DF10CC27D92ADC00E018A6 /* AppDelegate.swift in Sources */,
				C2DF10CE27D92ADC00E018A6 /* SceneDelegate.swift in Sources */,
			);
			runOnlyForDeploymentPostprocessing = 0;
		};
/* End PBXSourcesBuildPhase section */

/* Begin PBXVariantGroup section */
		C2DF10D127D92ADC00E018A6 /* Main.storyboard */ = {
			isa = PBXVariantGroup;
			children = (
				C2DF10D227D92ADC00E018A6 /* Base */,
			);
			name = Main.storyboard;
			sourceTree = "<group>";
		};
		C2DF10D627D92ADE00E018A6 /* LaunchScreen.storyboard */ = {
			isa = PBXVariantGroup;
			children = (
				C2DF10D727D92ADE00E018A6 /* Base */,
			);
			name = LaunchScreen.storyboard;
			sourceTree = "<group>";
		};
/* End PBXVariantGroup section */

/* Begin XCBuildConfiguration section */
		C2DF10DA27D92ADE00E018A6 /* Debug */ = {
			isa = XCBuildConfiguration;
			buildSettings = {
				ALWAYS_SEARCH_USER_PATHS = NO;
				CLANG_ANALYZER_NONNULL = YES;
				CLANG_ANALYZER_NUMBER_OBJECT_CONVERSION = YES_AGGRESSIVE;
				CLANG_CXX_LANGUAGE_STANDARD = "gnu++17";
				CLANG_CXX_LIBRARY = "libc++";
				CLANG_ENABLE_MODULES = YES;
				CLANG_ENABLE_OBJC_ARC = YES;
				CLANG_ENABLE_OBJC_WEAK = YES;
				CLANG_WARN_BLOCK_CAPTURE_AUTORELEASING = YES;
				CLANG_WARN_BOOL_CONVERSION = YES;
				CLANG_WARN_COMMA = YES;
				CLANG_WARN_CONSTANT_CONVERSION = YES;
				CLANG_WARN_DEPRECATED_OBJC_IMPLEMENTATIONS = YES;
				CLANG_WARN_DIRECT_OBJC_ISA_USAGE = YES_ERROR;
				CLANG_WARN_DOCUMENTATION_COMMENTS = YES;
				CLANG_WARN_EMPTY_BODY = YES;
				CLANG_WARN_ENUM_CONVERSION = YES;
				CLANG_WARN_INFINITE_RECURSION = YES;
				CLANG_WARN_INT_CONVERSION = YES;
				CLANG_WARN_NON_LITERAL_NULL_CONVERSION = YES;
				CLANG_WARN_OBJC_IMPLICIT_RETAIN_SELF = YES;
				CLANG_WARN_OBJC_LITERAL_CONVERSION = YES;
				CLANG_WARN_OBJC_ROOT_CLASS = YES_ERROR;
				CLANG_WARN_QUOTED_INCLUDE_IN_FRAMEWORK_HEADER = YES;
				CLANG_WARN_RANGE_LOOP_ANALYSIS = YES;
				CLANG_WARN_STRICT_PROTOTYPES = YES;
				CLANG_WARN_SUSPICIOUS_MOVE = YES;
				CLANG_WARN_UNGUARDED_AVAILABILITY = YES_AGGRESSIVE;
				CLANG_WARN_UNREACHABLE_CODE = YES;
				CLANG_WARN__DUPLICATE_METHOD_MATCH = YES;
				COPY_PHASE_STRIP = NO;
				DEBUG_INFORMATION_FORMAT = dwarf;
				ENABLE_STRICT_OBJC_MSGSEND = YES;
				ENABLE_TESTABILITY = YES;
				GCC_C_LANGUAGE_STANDARD = gnu11;
				GCC_DYNAMIC_NO_PIC = NO;
				GCC_NO_COMMON_BLOCKS = YES;
				GCC_OPTIMIZATION_LEVEL = 0;
				GCC_PREPROCESSOR_DEFINITIONS = (
					"DEBUG=1",
					"$(inherited)",
				);
				GCC_WARN_64_TO_32_BIT_CONVERSION = YES;
				GCC_WARN_ABOUT_RETURN_TYPE = YES_ERROR;
				GCC_WARN_UNDECLARED_SELECTOR = YES;
				GCC_WARN_UNINITIALIZED_AUTOS = YES_AGGRESSIVE;
				GCC_WARN_UNUSED_FUNCTION = YES;
				GCC_WARN_UNUSED_VARIABLE = YES;
				IPHONEOS_DEPLOYMENT_TARGET = 15.2;
				MTL_ENABLE_DEBUG_INFO = INCLUDE_SOURCE;
				MTL_FAST_MATH = YES;
				ONLY_ACTIVE_ARCH = YES;
				SDKROOT = iphoneos;
				SWIFT_ACTIVE_COMPILATION_CONDITIONS = DEBUG;
				SWIFT_OPTIMIZATION_LEVEL = "-Onone";
			};
			name = Debug;
		};
		C2DF10DB27D92ADE00E018A6 /* Release */ = {
			isa = XCBuildConfiguration;
			buildSettings = {
				ALWAYS_SEARCH_USER_PATHS = NO;
				CLANG_ANALYZER_NONNULL = YES;
				CLANG_ANALYZER_NUMBER_OBJECT_CONVERSION = YES_AGGRESSIVE;
				CLANG_CXX_LANGUAGE_STANDARD = "gnu++17";
				CLANG_CXX_LIBRARY = "libc++";
				CLANG_ENABLE_MODULES = YES;
				CLANG_ENABLE_OBJC_ARC = YES;
				CLANG_ENABLE_OBJC_WEAK = YES;
				CLANG_WARN_BLOCK_CAPTURE_AUTORELEASING = YES;
				CLANG_WARN_BOOL_CONVERSION = YES;
				CLANG_WARN_COMMA = YES;
				CLANG_WARN_CONSTANT_CONVERSION = YES;
				CLANG_WARN_DEPRECATED_OBJC_IMPLEMENTATIONS = YES;
				CLANG_WARN_DIRECT_OBJC_ISA_USAGE = YES_ERROR;
				CLANG_WARN_DOCUMENTATION_COMMENTS = YES;
				CLANG_WARN_EMPTY_BODY = YES;
				CLANG_WARN_ENUM_CONVERSION = YES;
				CLANG_WARN_INFINITE_RECURSION = YES;
				CLANG_WARN_INT_CONVERSION = YES;
				CLANG_WARN_NON_LITERAL_NULL_CONVERSION = YES;
				CLANG_WARN_OBJC_IMPLICIT_RETAIN_SELF = YES;
				CLANG_WARN_OBJC_LITERAL_CONVERSION = YES;
				CLANG_WARN_OBJC_ROOT_CLASS = YES_ERROR;
				CLANG_WARN_QUOTED_INCLUDE_IN_FRAMEWORK_HEADER = YES;
				CLANG_WARN_RANGE_LOOP_ANALYSIS = YES;
				CLANG_WARN_STRICT_PROTOTYPES = YES;
				CLANG_WARN_SUSPICIOUS_MOVE = YES;
				CLANG_WARN_UNGUARDED_AVAILABILITY = YES_AGGRESSIVE;
				CLANG_WARN_UNREACHABLE_CODE = YES;
				CLANG_WARN__DUPLICATE_METHOD_MATCH = YES;
				COPY_PHASE_STRIP = NO;
				DEBUG_INFORMATION_FORMAT = "dwarf-with-dsym";
				ENABLE_NS_ASSERTIONS = NO;
				ENABLE_STRICT_OBJC_MSGSEND = YES;
				GCC_C_LANGUAGE_STANDARD = gnu11;
				GCC_NO_COMMON_BLOCKS = YES;
				GCC_WARN_64_TO_32_BIT_CONVERSION = YES;
				GCC_WARN_ABOUT_RETURN_TYPE = YES_ERROR;
				GCC_WARN_UNDECLARED_SELECTOR = YES;
				GCC_WARN_UNINITIALIZED_AUTOS = YES_AGGRESSIVE;
				GCC_WARN_UNUSED_FUNCTION = YES;
				GCC_WARN_UNUSED_VARIABLE = YES;
				IPHONEOS_DEPLOYMENT_TARGET = 15.2;
				MTL_ENABLE_DEBUG_INFO = NO;
				MTL_FAST_MATH = YES;
				SDKROOT = iphoneos;
				SWIFT_COMPILATION_MODE = wholemodule;
				SWIFT_OPTIMIZATION_LEVEL = "-O";
				VALIDATE_PRODUCT = YES;
			};
			name = Release;
		};
		C2DF10DD27D92ADE00E018A6 /* Debug */ = {
			isa = XCBuildConfiguration;
			buildSettings = {
				ASSETCATALOG_COMPILER_APPICON_NAME = AppIcon;
				ASSETCATALOG_COMPILER_GLOBAL_ACCENT_COLOR_NAME = AccentColor;
				CODE_SIGN_STYLE = Automatic;
				CURRENT_PROJECT_VERSION = 1;
				DEVELOPMENT_TEAM = 25CKWY7LZ9;
				GENERATE_INFOPLIST_FILE = YES;
				INFOPLIST_FILE = LoginApp/Info.plist;
				INFOPLIST_KEY_UIApplicationSupportsIndirectInputEvents = YES;
				INFOPLIST_KEY_UILaunchStoryboardName = LaunchScreen;
				INFOPLIST_KEY_UIMainStoryboardFile = Main;
				INFOPLIST_KEY_UISupportedInterfaceOrientations = "";
				INFOPLIST_KEY_UISupportedInterfaceOrientations_iPad = "UIInterfaceOrientationPortrait UIInterfaceOrientationPortraitUpsideDown UIInterfaceOrientationLandscapeLeft UIInterfaceOrientationLandscapeRight";
				INFOPLIST_KEY_UISupportedInterfaceOrientations_iPhone = "UIInterfaceOrientationPortrait UIInterfaceOrientationLandscapeLeft UIInterfaceOrientationLandscapeRight";
				LD_RUNPATH_SEARCH_PATHS = (
					"$(inherited)",
					"@executable_path/Frameworks",
				);
				MARKETING_VERSION = 1.0;
				PRODUCT_BUNDLE_IDENTIFIER = kz.dimawkoapps.LoginApp;
				PRODUCT_NAME = "$(TARGET_NAME)";
				SWIFT_EMIT_LOC_STRINGS = YES;
				SWIFT_VERSION = 5.0;
				TARGETED_DEVICE_FAMILY = "1,2";
			};
			name = Debug;
		};
		C2DF10DE27D92ADE00E018A6 /* Release */ = {
			isa = XCBuildConfiguration;
			buildSettings = {
				ASSETCATALOG_COMPILER_APPICON_NAME = AppIcon;
				ASSETCATALOG_COMPILER_GLOBAL_ACCENT_COLOR_NAME = AccentColor;
				CODE_SIGN_STYLE = Automatic;
				CURRENT_PROJECT_VERSION = 1;
				DEVELOPMENT_TEAM = 25CKWY7LZ9;
				GENERATE_INFOPLIST_FILE = YES;
				INFOPLIST_FILE = LoginApp/Info.plist;
				INFOPLIST_KEY_UIApplicationSupportsIndirectInputEvents = YES;
				INFOPLIST_KEY_UILaunchStoryboardName = LaunchScreen;
				INFOPLIST_KEY_UIMainStoryboardFile = Main;
				INFOPLIST_KEY_UISupportedInterfaceOrientations = "";
				INFOPLIST_KEY_UISupportedInterfaceOrientations_iPad = "UIInterfaceOrientationPortrait UIInterfaceOrientationPortraitUpsideDown UIInterfaceOrientationLandscapeLeft UIInterfaceOrientationLandscapeRight";
				INFOPLIST_KEY_UISupportedInterfaceOrientations_iPhone = "UIInterfaceOrientationPortrait UIInterfaceOrientationLandscapeLeft UIInterfaceOrientationLandscapeRight";
				LD_RUNPATH_SEARCH_PATHS = (
					"$(inherited)",
					"@executable_path/Frameworks",
				);
				MARKETING_VERSION = 1.0;
				PRODUCT_BUNDLE_IDENTIFIER = kz.dimawkoapps.LoginApp;
				PRODUCT_NAME = "$(TARGET_NAME)";
				SWIFT_EMIT_LOC_STRINGS = YES;
				SWIFT_VERSION = 5.0;
				TARGETED_DEVICE_FAMILY = "1,2";
			};
			name = Release;
		};
/* End XCBuildConfiguration section */

/* Begin XCConfigurationList section */
		C2DF10C327D92ADC00E018A6 /* Build configuration list for PBXProject "LoginApp" */ = {
			isa = XCConfigurationList;
			buildConfigurations = (
				C2DF10DA27D92ADE00E018A6 /* Debug */,
				C2DF10DB27D92ADE00E018A6 /* Release */,
			);
			defaultConfigurationIsVisible = 0;
			defaultConfigurationName = Release;
		};
		C2DF10DC27D92ADE00E018A6 /* Build configuration list for PBXNativeTarget "LoginApp" */ = {
			isa = XCConfigurationList;
			buildConfigurations = (
				C2DF10DD27D92ADE00E018A6 /* Debug */,
				C2DF10DE27D92ADE00E018A6 /* Release */,
			);
			defaultConfigurationIsVisible = 0;
			defaultConfigurationName = Release;
		};
/* End XCConfigurationList section */
	};
	rootObject = C2DF10C027D92ADC00E018A6 /* Project object */;
}
